// !$*UTF8*$!
{
	archiveVersion = 1;
	classes = {
	};
	objectVersion = 46;
	objects = {

/* Begin PBXBuildFile section */
		83F274691A89647E0050E5D8 /* main.m in Sources */ = {isa = PBXBuildFile; fileRef = 83F274681A89647E0050E5D8 /* main.m */; };
		83F2746C1A89647E0050E5D8 /* AppDelegate.m in Sources */ = {isa = PBXBuildFile; fileRef = 83F2746B1A89647E0050E5D8 /* AppDelegate.m */; };
		83F274721A89647E0050E5D8 /* Main.storyboard in Resources */ = {isa = PBXBuildFile; fileRef = 83F274701A89647E0050E5D8 /* Main.storyboard */; };
		83F274741A89647E0050E5D8 /* Images.xcassets in Resources */ = {isa = PBXBuildFile; fileRef = 83F274731A89647E0050E5D8 /* Images.xcassets */; };
		83F274771A89647E0050E5D8 /* LaunchScreen.xib in Resources */ = {isa = PBXBuildFile; fileRef = 83F274751A89647E0050E5D8 /* LaunchScreen.xib */; };
		83F274831A89647E0050E5D8 /* ScoreKeeperIBTests.m in Sources */ = {isa = PBXBuildFile; fileRef = 83F274821A89647E0050E5D8 /* ScoreKeeperIBTests.m */; };
		83F274941A8967CF0050E5D8 /* TableViewCell.m in Sources */ = {isa = PBXBuildFile; fileRef = 83F274921A8967CF0050E5D8 /* TableViewCell.m */; };
		83F2749D1A896EB30050E5D8 /* SKTableViewController.m in Sources */ = {isa = PBXBuildFile; fileRef = 83F2749C1A896EB30050E5D8 /* SKTableViewController.m */; };
/* End PBXBuildFile section */

/* Begin PBXContainerItemProxy section */
		83F2747D1A89647E0050E5D8 /* PBXContainerItemProxy */ = {
			isa = PBXContainerItemProxy;
			containerPortal = 83F2745B1A89647E0050E5D8 /* Project object */;
			proxyType = 1;
			remoteGlobalIDString = 83F274621A89647E0050E5D8;
			remoteInfo = ScoreKeeperIB;
		};
/* End PBXContainerItemProxy section */

/* Begin PBXFileReference section */
		83F274631A89647E0050E5D8 /* ScoreKeeperIB.app */ = {isa = PBXFileReference; explicitFileType = wrapper.application; includeInIndex = 0; path = ScoreKeeperIB.app; sourceTree = BUILT_PRODUCTS_DIR; };
		83F274671A89647E0050E5D8 /* Info.plist */ = {isa = PBXFileReference; lastKnownFileType = text.plist.xml; path = Info.plist; sourceTree = "<group>"; };
		83F274681A89647E0050E5D8 /* main.m */ = {isa = PBXFileReference; lastKnownFileType = sourcecode.c.objc; path = main.m; sourceTree = "<group>"; };
		83F2746A1A89647E0050E5D8 /* AppDelegate.h */ = {isa = PBXFileReference; lastKnownFileType = sourcecode.c.h; path = AppDelegate.h; sourceTree = "<group>"; };
		83F2746B1A89647E0050E5D8 /* AppDelegate.m */ = {isa = PBXFileReference; lastKnownFileType = sourcecode.c.objc; path = AppDelegate.m; sourceTree = "<group>"; };
		83F274711A89647E0050E5D8 /* Base */ = {isa = PBXFileReference; lastKnownFileType = file.storyboard; name = Base; path = Base.lproj/Main.storyboard; sourceTree = "<group>"; };
		83F274731A89647E0050E5D8 /* Images.xcassets */ = {isa = PBXFileReference; lastKnownFileType = folder.assetcatalog; path = Images.xcassets; sourceTree = "<group>"; };
		83F274761A89647E0050E5D8 /* Base */ = {isa = PBXFileReference; lastKnownFileType = file.xib; name = Base; path = Base.lproj/LaunchScreen.xib; sourceTree = "<group>"; };
		83F2747C1A89647E0050E5D8 /* ScoreKeeperIBTests.xctest */ = {isa = PBXFileReference; explicitFileType = wrapper.cfbundle; includeInIndex = 0; path = ScoreKeeperIBTests.xctest; sourceTree = BUILT_PRODUCTS_DIR; };
		83F274811A89647E0050E5D8 /* Info.plist */ = {isa = PBXFileReference; lastKnownFileType = text.plist.xml; path = Info.plist; sourceTree = "<group>"; };
		83F274821A89647E0050E5D8 /* ScoreKeeperIBTests.m */ = {isa = PBXFileReference; lastKnownFileType = sourcecode.c.objc; path = ScoreKeeperIBTests.m; sourceTree = "<group>"; };
		83F274911A8967CF0050E5D8 /* TableViewCell.h */ = {isa = PBXFileReference; fileEncoding = 4; lastKnownFileType = sourcecode.c.h; path = TableViewCell.h; sourceTree = "<group>"; };
		83F274921A8967CF0050E5D8 /* TableViewCell.m */ = {isa = PBXFileReference; fileEncoding = 4; lastKnownFileType = sourcecode.c.objc; path = TableViewCell.m; sourceTree = "<group>"; };
		83F2749B1A896EB30050E5D8 /* SKTableViewController.h */ = {isa = PBXFileReference; fileEncoding = 4; lastKnownFileType = sourcecode.c.h; path = SKTableViewController.h; sourceTree = "<group>"; };
		83F2749C1A896EB30050E5D8 /* SKTableViewController.m */ = {isa = PBXFileReference; fileEncoding = 4; lastKnownFileType = sourcecode.c.objc; path = SKTableViewController.m; sourceTree = "<group>"; };
/* End PBXFileReference section */

/* Begin PBXFrameworksBuildPhase section */
		83F274601A89647E0050E5D8 /* Frameworks */ = {
			isa = PBXFrameworksBuildPhase;
			buildActionMask = 2147483647;
			files = (
			);
			runOnlyForDeploymentPostprocessing = 0;
		};
		83F274791A89647E0050E5D8 /* Frameworks */ = {
			isa = PBXFrameworksBuildPhase;
			buildActionMask = 2147483647;
			files = (
			);
			runOnlyForDeploymentPostprocessing = 0;
		};
/* End PBXFrameworksBuildPhase section */

/* Begin PBXGroup section */
		83F2745A1A89647E0050E5D8 = {
			isa = PBXGroup;
			children = (
				83F274651A89647E0050E5D8 /* ScoreKeeperIB */,
				83F2747F1A89647E0050E5D8 /* ScoreKeeperIBTests */,
				83F274641A89647E0050E5D8 /* Products */,
			);
			sourceTree = "<group>";
		};
		83F274641A89647E0050E5D8 /* Products */ = {
			isa = PBXGroup;
			children = (
				83F274631A89647E0050E5D8 /* ScoreKeeperIB.app */,
				83F2747C1A89647E0050E5D8 /* ScoreKeeperIBTests.xctest */,
			);
			name = Products;
			sourceTree = "<group>";
		};
		83F274651A89647E0050E5D8 /* ScoreKeeperIB */ = {
			isa = PBXGroup;
			children = (
				83F2746A1A89647E0050E5D8 /* AppDelegate.h */,
				83F2746B1A89647E0050E5D8 /* AppDelegate.m */,
				83F274701A89647E0050E5D8 /* Main.storyboard */,
				83F274911A8967CF0050E5D8 /* TableViewCell.h */,
				83F274921A8967CF0050E5D8 /* TableViewCell.m */,
				83F2749B1A896EB30050E5D8 /* SKTableViewController.h */,
				83F2749C1A896EB30050E5D8 /* SKTableViewController.m */,
				83F274661A89647E0050E5D8 /* Supporting Files */,
			);
			path = ScoreKeeperIB;
			sourceTree = "<group>";
		};
		83F274661A89647E0050E5D8 /* Supporting Files */ = {
			isa = PBXGroup;
			children = (
				83F274751A89647E0050E5D8 /* LaunchScreen.xib */,
				83F274731A89647E0050E5D8 /* Images.xcassets */,
				83F274671A89647E0050E5D8 /* Info.plist */,
				83F274681A89647E0050E5D8 /* main.m */,
			);
			name = "Supporting Files";
			sourceTree = "<group>";
		};
		83F2747F1A89647E0050E5D8 /* ScoreKeeperIBTests */ = {
			isa = PBXGroup;
			children = (
				83F274821A89647E0050E5D8 /* ScoreKeeperIBTests.m */,
				83F274801A89647E0050E5D8 /* Supporting Files */,
			);
			path = ScoreKeeperIBTests;
			sourceTree = "<group>";
		};
		83F274801A89647E0050E5D8 /* Supporting Files */ = {
			isa = PBXGroup;
			children = (
				83F274811A89647E0050E5D8 /* Info.plist */,
			);
			name = "Supporting Files";
			sourceTree = "<group>";
		};
/* End PBXGroup section */

/* Begin PBXNativeTarget section */
		83F274621A89647E0050E5D8 /* ScoreKeeperIB */ = {
			isa = PBXNativeTarget;
			buildConfigurationList = 83F274861A89647E0050E5D8 /* Build configuration list for PBXNativeTarget "ScoreKeeperIB" */;
			buildPhases = (
				83F2745F1A89647E0050E5D8 /* Sources */,
				83F274601A89647E0050E5D8 /* Frameworks */,
				83F274611A89647E0050E5D8 /* Resources */,
			);
			buildRules = (
			);
			dependencies = (
			);
			name = ScoreKeeperIB;
			productName = ScoreKeeperIB;
			productReference = 83F274631A89647E0050E5D8 /* ScoreKeeperIB.app */;
			productType = "com.apple.product-type.application";
		};
		83F2747B1A89647E0050E5D8 /* ScoreKeeperIBTests */ = {
			isa = PBXNativeTarget;
			buildConfigurationList = 83F274891A89647E0050E5D8 /* Build configuration list for PBXNativeTarget "ScoreKeeperIBTests" */;
			buildPhases = (
				83F274781A89647E0050E5D8 /* Sources */,
				83F274791A89647E0050E5D8 /* Frameworks */,
				83F2747A1A89647E0050E5D8 /* Resources */,
			);
			buildRules = (
			);
			dependencies = (
				83F2747E1A89647E0050E5D8 /* PBXTargetDependency */,
			);
			name = ScoreKeeperIBTests;
			productName = ScoreKeeperIBTests;
			productReference = 83F2747C1A89647E0050E5D8 /* ScoreKeeperIBTests.xctest */;
			productType = "com.apple.product-type.bundle.unit-test";
		};
/* End PBXNativeTarget section */

/* Begin PBXProject section */
		83F2745B1A89647E0050E5D8 /* Project object */ = {
			isa = PBXProject;
			attributes = {
				LastUpgradeCheck = 0610;
				ORGANIZATIONNAME = "Jordan Nelson";
				TargetAttributes = {
					83F274621A89647E0050E5D8 = {
						CreatedOnToolsVersion = 6.1.1;
					};
					83F2747B1A89647E0050E5D8 = {
						CreatedOnToolsVersion = 6.1.1;
						TestTargetID = 83F274621A89647E0050E5D8;
					};
				};
			};
			buildConfigurationList = 83F2745E1A89647E0050E5D8 /* Build configuration list for PBXProject "ScoreKeeperIB" */;
			compatibilityVersion = "Xcode 3.2";
			developmentRegion = English;
			hasScannedForEncodings = 0;
			knownRegions = (
				en,
				Base,
			);
			mainGroup = 83F2745A1A89647E0050E5D8;
			productRefGroup = 83F274641A89647E0050E5D8 /* Products */;
			projectDirPath = "";
			projectRoot = "";
			targets = (
				83F274621A89647E0050E5D8 /* ScoreKeeperIB */,
				83F2747B1A89647E0050E5D8 /* ScoreKeeperIBTests */,
			);
		};
/* End PBXProject section */

/* Begin PBXResourcesBuildPhase section */
		83F274611A89647E0050E5D8 /* Resources */ = {
			isa = PBXResourcesBuildPhase;
			buildActionMask = 2147483647;
			files = (
				83F274721A89647E0050E5D8 /* Main.storyboard in Resources */,
				83F274771A89647E0050E5D8 /* LaunchScreen.xib in Resources */,
				83F274741A89647E0050E5D8 /* Images.xcassets in Resources */,
			);
			runOnlyForDeploymentPostprocessing = 0;
		};
		83F2747A1A89647E0050E5D8 /* Resources */ = {
			isa = PBXResourcesBuildPhase;
			buildActionMask = 2147483647;
			files = (
			);
			runOnlyForDeploymentPostprocessing = 0;
		};
/* End PBXResourcesBuildPhase section */

/* Begin PBXSourcesBuildPhase section */
		83F2745F1A89647E0050E5D8 /* Sources */ = {
			isa = PBXSourcesBuildPhase;
			buildActionMask = 2147483647;
			files = (
				83F2746C1A89647E0050E5D8 /* AppDelegate.m in Sources */,
				83F274941A8967CF0050E5D8 /* TableViewCell.m in Sources */,
				83F274691A89647E0050E5D8 /* main.m in Sources */,
				83F2749D1A896EB30050E5D8 /* SKTableViewController.m in Sources */,
			);
			runOnlyForDeploymentPostprocessing = 0;
		};
		83F274781A89647E0050E5D8 /* Sources */ = {
			isa = PBXSourcesBuildPhase;
			buildActionMask = 2147483647;
			files = (
				83F274831A89647E0050E5D8 /* ScoreKeeperIBTests.m in Sources */,
			);
			runOnlyForDeploymentPostprocessing = 0;
		};
/* End PBXSourcesBuildPhase section */

/* Begin PBXTargetDependency section */
		83F2747E1A89647E0050E5D8 /* PBXTargetDependency */ = {
			isa = PBXTargetDependency;
			target = 83F274621A89647E0050E5D8 /* ScoreKeeperIB */;
			targetProxy = 83F2747D1A89647E0050E5D8 /* PBXContainerItemProxy */;
		};
/* End PBXTargetDependency section */

/* Begin PBXVariantGroup section */
		83F274701A89647E0050E5D8 /* Main.storyboard */ = {
			isa = PBXVariantGroup;
			children = (
				83F274711A89647E0050E5D8 /* Base */,
			);
			name = Main.storyboard;
			sourceTree = "<group>";
		};
		83F274751A89647E0050E5D8 /* LaunchScreen.xib */ = {
			isa = PBXVariantGroup;
			children = (
				83F274761A89647E0050E5D8 /* Base */,
			);
			name = LaunchScreen.xib;
			sourceTree = "<group>";
		};
/* End PBXVariantGroup section */

/* Begin XCBuildConfiguration section */
		83F274841A89647E0050E5D8 /* Debug */ = {
			isa = XCBuildConfiguration;
			buildSettings = {
				ALWAYS_SEARCH_USER_PATHS = NO;
				CLANG_CXX_LANGUAGE_STANDARD = "gnu++0x";
				CLANG_CXX_LIBRARY = "libc++";
				CLANG_ENABLE_MODULES = YES;
				CLANG_ENABLE_OBJC_ARC = YES;
				CLANG_WARN_BOOL_CONVERSION = YES;
				CLANG_WARN_CONSTANT_CONVERSION = YES;
				CLANG_WARN_DIRECT_OBJC_ISA_USAGE = YES_ERROR;
				CLANG_WARN_EMPTY_BODY = YES;
				CLANG_WARN_ENUM_CONVERSION = YES;
				CLANG_WARN_INT_CONVERSION = YES;
				CLANG_WARN_OBJC_ROOT_CLASS = YES_ERROR;
				CLANG_WARN_UNREACHABLE_CODE = YES;
				CLANG_WARN__DUPLICATE_METHOD_MATCH = YES;
				"CODE_SIGN_IDENTITY[sdk=iphoneos*]" = "iPhone Developer";
				COPY_PHASE_STRIP = NO;
				ENABLE_STRICT_OBJC_MSGSEND = YES;
				GCC_C_LANGUAGE_STANDARD = gnu99;
				GCC_DYNAMIC_NO_PIC = NO;
				GCC_OPTIMIZATION_LEVEL = 0;
				GCC_PREPROCESSOR_DEFINITIONS = (
					"DEBUG=1",
					"$(inherited)",
				);
				GCC_SYMBOLS_PRIVATE_EXTERN = NO;
				GCC_WARN_64_TO_32_BIT_CONVERSION = YES;
				GCC_WARN_ABOUT_RETURN_TYPE = YES_ERROR;
				GCC_WARN_UNDECLARED_SELECTOR = YES;
				GCC_WARN_UNINITIALIZED_AUTOS = YES_AGGRESSIVE;
				GCC_WARN_UNUSED_FUNCTION = YES;
				GCC_WARN_UNUSED_VARIABLE = YES;
				IPHONEOS_DEPLOYMENT_TARGET = 8.1;
				MTL_ENABLE_DEBUG_INFO = YES;
				ONLY_ACTIVE_ARCH = YES;
				SDKROOT = iphoneos;
			};
			name = Debug;
		};
		83F274851A89647E0050E5D8 /* Release */ = {
			isa = XCBuildConfiguration;
			buildSettings = {
				ALWAYS_SEARCH_USER_PATHS = NO;
				CLANG_CXX_LANGUAGE_STANDARD = "gnu++0x";
				CLANG_CXX_LIBRARY = "libc++";
				CLANG_ENABLE_MODULES = YES;
				CLANG_ENABLE_OBJC_ARC = YES;
				CLANG_WARN_BOOL_CONVERSION = YES;
				CLANG_WARN_CONSTANT_CONVERSION = YES;
				CLANG_WARN_DIRECT_OBJC_ISA_USAGE = YES_ERROR;
				CLANG_WARN_EMPTY_BODY = YES;
				CLANG_WARN_ENUM_CONVERSION = YES;
				CLANG_WARN_INT_CONVERSION = YES;
				CLANG_WARN_OBJC_ROOT_CLASS = YES_ERROR;
				CLANG_WARN_UNREACHABLE_CODE = YES;
				CLANG_WARN__DUPLICATE_METHOD_MATCH = YES;
				"CODE_SIGN_IDENTITY[sdk=iphoneos*]" = "iPhone Developer";
				COPY_PHASE_STRIP = YES;
				ENABLE_NS_ASSERTIONS = NO;
				ENABLE_STRICT_OBJC_MSGSEND = YES;
				GCC_C_LANGUAGE_STANDARD = gnu99;
				GCC_WARN_64_TO_32_BIT_CONVERSION = YES;
				GCC_WARN_ABOUT_RETURN_TYPE = YES_ERROR;
				GCC_WARN_UNDECLARED_SELECTOR = YES;
				GCC_WARN_UNINITIALIZED_AUTOS = YES_AGGRESSIVE;
				GCC_WARN_UNUSED_FUNCTION = YES;
				GCC_WARN_UNUSED_VARIABLE = YES;
				IPHONEOS_DEPLOYMENT_TARGET = 8.1;
				MTL_ENABLE_DEBUG_INFO = NO;
				SDKROOT = iphoneos;
				VALIDATE_PRODUCT = YES;
			};
			name = Release;
		};
		83F274871A89647E0050E5D8 /* Debug */ = {
			isa = XCBuildConfiguration;
			buildSettings = {
				ASSETCATALOG_COMPILER_APPICON_NAME = AppIcon;
				INFOPLIST_FILE = ScoreKeeperIB/Info.plist;
				LD_RUNPATH_SEARCH_PATHS = "$(inherited) @executable_path/Frameworks";
				PRODUCT_NAME = "$(TARGET_NAME)";
			};
			name = Debug;
		};
		83F274881A89647E0050E5D8 /* Release */ = {
			isa = XCBuildConfiguration;
			buildSettings = {
				ASSETCATALOG_COMPILER_APPICON_NAME = AppIcon;
				INFOPLIST_FILE = ScoreKeeperIB/Info.plist;
				LD_RUNPATH_SEARCH_PATHS = "$(inherited) @executable_path/Frameworks";
				PRODUCT_NAME = "$(TARGET_NAME)";
			};
			name = Release;
		};
		83F2748A1A89647E0050E5D8 /* Debug */ = {
			isa = XCBuildConfiguration;
			buildSettings = {
				BUNDLE_LOADER = "$(TEST_HOST)";
				FRAMEWORK_SEARCH_PATHS = (
					"$(SDKROOT)/Developer/Library/Frameworks",
					"$(inherited)",
				);
				GCC_PREPROCESSOR_DEFINITIONS = (
					"DEBUG=1",
					"$(inherited)",
				);
				INFOPLIST_FILE = ScoreKeeperIBTests/Info.plist;
				LD_RUNPATH_SEARCH_PATHS = "$(inherited) @executable_path/Frameworks @loader_path/Frameworks";
				PRODUCT_NAME = "$(TARGET_NAME)";
				TEST_HOST = "$(BUILT_PRODUCTS_DIR)/ScoreKeeperIB.app/ScoreKeeperIB";
			};
			name = Debug;
		};
		83F2748B1A89647E0050E5D8 /* Release */ = {
			isa = XCBuildConfiguration;
			buildSettings = {
				BUNDLE_LOADER = "$(TEST_HOST)";
				FRAMEWORK_SEARCH_PATHS = (
					"$(SDKROOT)/Developer/Library/Frameworks",
					"$(inherited)",
				);
				INFOPLIST_FILE = ScoreKeeperIBTests/Info.plist;
				LD_RUNPATH_SEARCH_PATHS = "$(inherited) @executable_path/Frameworks @loader_path/Frameworks";
				PRODUCT_NAME = "$(TARGET_NAME)";
				TEST_HOST = "$(BUILT_PRODUCTS_DIR)/ScoreKeeperIB.app/ScoreKeeperIB";
			};
			name = Release;
		};
/* End XCBuildConfiguration section */

/* Begin XCConfigurationList section */
		83F2745E1A89647E0050E5D8 /* Build configuration list for PBXProject "ScoreKeeperIB" */ = {
			isa = XCConfigurationList;
			buildConfigurations = (
				83F274841A89647E0050E5D8 /* Debug */,
				83F274851A89647E0050E5D8 /* Release */,
			);
			defaultConfigurationIsVisible = 0;
			defaultConfigurationName = Release;
		};
		83F274861A89647E0050E5D8 /* Build configuration list for PBXNativeTarget "ScoreKeeperIB" */ = {
			isa = XCConfigurationList;
			buildConfigurations = (
				83F274871A89647E0050E5D8 /* Debug */,
				83F274881A89647E0050E5D8 /* Release */,
			);
			defaultConfigurationIsVisible = 0;
		};
		83F274891A89647E0050E5D8 /* Build configuration list for PBXNativeTarget "ScoreKeeperIBTests" */ = {
			isa = XCConfigurationList;
			buildConfigurations = (
				83F2748A1A89647E0050E5D8 /* Debug */,
				83F2748B1A89647E0050E5D8 /* Release */,
			);
			defaultConfigurationIsVisible = 0;
		};
/* End XCConfigurationList section */
	};
	rootObject = 83F2745B1A89647E0050E5D8 /* Project object */;
}
